
Microsoft Visual Studio Solution File, Format Version 12.00
# Visual Studio Version 16
VisualStudioVersion = 16.0.29721.120
MinimumVisualStudioVersion = 10.0.40219.1
Project("{FAE04EC0-301F-11D3-BF4B-00C04F79EFBC}") = "AlwaysEncrypted", "AlwaysEncrypted\AlwaysEncrypted.csproj", "{03FC4E69-96EF-40B1-8577-F344E14A78BD}"
EndProject
Global
	GlobalSection(SolutionConfigurationPlatforms) = preSolution
		Debug|Any CPU = Debug|Any CPU
		Release|Any CPU = Release|Any CPU
	EndGlobalSection
	GlobalSection(ProjectConfigurationPlatforms) = postSolution
		{03FC4E69-96EF-40B1-8577-F344E14A78BD}.Debug|Any CPU.ActiveCfg = Debug|Any CPU
		{03FC4E69-96EF-40B1-8577-F344E14A78BD}.Debug|Any CPU.Build.0 = Debug|Any CPU
		{03FC4E69-96EF-40B1-8577-F344E14A78BD}.Release|Any CPU.ActiveCfg = Release|Any CPU
		{03FC4E69-96EF-40B1-8577-F344E14A78BD}.Release|Any CPU.Build.0 = Release|Any CPU
	EndGlobalSection
	GlobalSection(SolutionProperties) = preSolution
		HideSolutionNode = FALSE
	EndGlobalSection
	GlobalSection(ExtensibilityGlobals) = postSolution
		SolutionGuid = {4A31CE9D-B9D3-4ABA-9410-51D13E5DE82E}
	EndGlobalSection
EndGlobal
